
Microsoft Visual Studio Solution File, Format Version 12.00
# Visual Studio Version 17
VisualStudioVersion = 17.3.32901.215
MinimumVisualStudioVersion = 10.0.40219.1
Project("{9A19103F-16F7-4668-BE54-9A1E7A4F7556}") = "Keyify.Web", "Keyify.Web\Keyify.Web.csproj", "{341BF9AB-63E6-4F23-8D41-E11846B4A3B3}"
EndProject
Project("{9A19103F-16F7-4668-BE54-9A1E7A4F7556}") = "Keyify.Unit.Test", "Keyify.Unit.Test\Keyify.Unit.Test.csproj", "{03786211-80C7-4964-84EB-701FA6D3B938}"
EndProject
Project("{FAE04EC0-301F-11D3-BF4B-00C04F79EFBC}") = "Keyify.Database.DbUp", "Keyify.Database.DbUp\Keyify.Database.DbUp.csproj", "{7E200875-1A02-4EC4-A435-9E9E5CB9BEFE}"
EndProject
Global
	GlobalSection(SolutionConfigurationPlatforms) = preSolution
		Debug|Any CPU = Debug|Any CPU
		Release|Any CPU = Release|Any CPU
	EndGlobalSection
	GlobalSection(ProjectConfigurationPlatforms) = postSolution
		{341BF9AB-63E6-4F23-8D41-E11846B4A3B3}.Debug|Any CPU.ActiveCfg = Debug|Any CPU
		{341BF9AB-63E6-4F23-8D41-E11846B4A3B3}.Debug|Any CPU.Build.0 = Debug|Any CPU
		{341BF9AB-63E6-4F23-8D41-E11846B4A3B3}.Release|Any CPU.ActiveCfg = Release|Any CPU
		{341BF9AB-63E6-4F23-8D41-E11846B4A3B3}.Release|Any CPU.Build.0 = Release|Any CPU
		{03786211-80C7-4964-84EB-701FA6D3B938}.Debug|Any CPU.ActiveCfg = Debug|Any CPU
		{03786211-80C7-4964-84EB-701FA6D3B938}.Debug|Any CPU.Build.0 = Debug|Any CPU
		{03786211-80C7-4964-84EB-701FA6D3B938}.Release|Any CPU.ActiveCfg = Release|Any CPU
		{03786211-80C7-4964-84EB-701FA6D3B938}.Release|Any CPU.Build.0 = Release|Any CPU
		{7E200875-1A02-4EC4-A435-9E9E5CB9BEFE}.Debug|Any CPU.ActiveCfg = Debug|Any CPU
		{7E200875-1A02-4EC4-A435-9E9E5CB9BEFE}.Debug|Any CPU.Build.0 = Debug|Any CPU
		{7E200875-1A02-4EC4-A435-9E9E5CB9BEFE}.Release|Any CPU.ActiveCfg = Release|Any CPU
		{7E200875-1A02-4EC4-A435-9E9E5CB9BEFE}.Release|Any CPU.Build.0 = Release|Any CPU
	EndGlobalSection
	GlobalSection(SolutionProperties) = preSolution
		HideSolutionNode = FALSE
	EndGlobalSection
	GlobalSection(ExtensibilityGlobals) = postSolution
		SolutionGuid = {CFFC0729-E040-499E-A7A2-D48062B4888C}
	EndGlobalSection
EndGlobal
