
Microsoft Visual Studio Solution File, Format Version 12.00
# Visual Studio Version 17
VisualStudioVersion = 17.3.32901.215
MinimumVisualStudioVersion = 10.0.40219.1
Project("{9A19103F-16F7-4668-BE54-9A1E7A4F7556}") = "Keyify.Web", "Keyify.Web\Keyify.Web.csproj", "{341BF9AB-63E6-4F23-8D41-E11846B4A3B3}"
EndProject
Project("{9A19103F-16F7-4668-BE54-9A1E7A4F7556}") = "Keyify.Web.Unit.Test", "Keyify.Unit.Test\Keyify.Web.Unit.Test.csproj", "{03786211-80C7-4964-84EB-701FA6D3B938}"
EndProject
Project("{9A19103F-16F7-4668-BE54-9A1E7A4F7556}") = "Keyify.Database.DbUp", "Keyify.Database.DbUp\Keyify.Database.DbUp.csproj", "{7E200875-1A02-4EC4-A435-9E9E5CB9BEFE}"
EndProject
Project("{9A19103F-16F7-4668-BE54-9A1E7A4F7556}") = "Keyify.Database.DbUp.Scripts", "Keyify.Database.DbUp.Scripts\Keyify.Database.DbUp.Scripts.csproj", "{5FC2A4C7-A1C2-4718-811C-19994F2E4283}"
EndProject
Project("{9A19103F-16F7-4668-BE54-9A1E7A4F7556}") = "Keyify.Web.Controller.Unit.Test", "Keyify.Web.Controller.Unit.Test\Keyify.Web.Controller.Unit.Test.csproj", "{4DC3CBA7-5545-494D-8AE7-581079F74EBE}"
EndProject
Project("{9A19103F-16F7-4668-BE54-9A1E7A4F7556}") = "Keyify.MusicTheory", "Keyify.MusicTheory\Keyify.MusicTheory.csproj", "{3925ADB2-647F-4DB1-8492-B1C3FF14B926}"
EndProject
Project("{9A19103F-16F7-4668-BE54-9A1E7A4F7556}") = "Keyify.Infrastructure", "Keyify.Infrastructure\Keyify.Infrastructure.csproj", "{68EF0FBE-A8AF-46BA-8BE0-B7AD530BD935}"
EndProject
Project("{9A19103F-16F7-4668-BE54-9A1E7A4F7556}") = "Keyify.Service", "Keyify.Service\Keyify.Service.csproj", "{73F6A95B-E87C-44BD-BDE7-0B6C92ED9774}"
EndProject
Project("{9A19103F-16F7-4668-BE54-9A1E7A4F7556}") = "Keyify.Services.Models", "Keyify.Services.Models\Keyify.Services.Models.csproj", "{94894BA6-A081-48CF-AC87-E8844DDDC117}"
EndProject
Project("{9A19103F-16F7-4668-BE54-9A1E7A4F7556}") = "Keyify.Services.Formatter", "Keyify.Services.Formatter\Keyify.Services.Formatter.csproj", "{0F74A1A4-0A8A-4020-9F90-814268AFE59E}"
EndProject
Project("{9A19103F-16F7-4668-BE54-9A1E7A4F7556}") = "Keyify.Database.RecordCreation", "Keyify.Database.RecordCreation\Keyify.Database.RecordCreation.csproj", "{120F1D6C-3FDB-4FD5-8C05-85EB30992945}"
EndProject
Project("{2150E333-8FDC-42A3-9474-1A3956D46DE8}") = "Tools", "Tools", "{A4C02597-FE6F-41C9-B83C-2541F49C7DF4}"
EndProject
Project("{2150E333-8FDC-42A3-9474-1A3956D46DE8}") = "Tests", "Tests", "{F6108C5C-3B3D-4814-9940-FD46B2E03A87}"
EndProject
Global
	GlobalSection(SolutionConfigurationPlatforms) = preSolution
		Debug|Any CPU = Debug|Any CPU
		Release|Any CPU = Release|Any CPU
	EndGlobalSection
	GlobalSection(ProjectConfigurationPlatforms) = postSolution
		{341BF9AB-63E6-4F23-8D41-E11846B4A3B3}.Debug|Any CPU.ActiveCfg = Debug|Any CPU
		{341BF9AB-63E6-4F23-8D41-E11846B4A3B3}.Debug|Any CPU.Build.0 = Debug|Any CPU
		{341BF9AB-63E6-4F23-8D41-E11846B4A3B3}.Release|Any CPU.ActiveCfg = Release|Any CPU
		{341BF9AB-63E6-4F23-8D41-E11846B4A3B3}.Release|Any CPU.Build.0 = Release|Any CPU
		{03786211-80C7-4964-84EB-701FA6D3B938}.Debug|Any CPU.ActiveCfg = Debug|Any CPU
		{03786211-80C7-4964-84EB-701FA6D3B938}.Debug|Any CPU.Build.0 = Debug|Any CPU
		{03786211-80C7-4964-84EB-701FA6D3B938}.Release|Any CPU.ActiveCfg = Release|Any CPU
		{03786211-80C7-4964-84EB-701FA6D3B938}.Release|Any CPU.Build.0 = Release|Any CPU
		{7E200875-1A02-4EC4-A435-9E9E5CB9BEFE}.Debug|Any CPU.ActiveCfg = Debug|Any CPU
		{7E200875-1A02-4EC4-A435-9E9E5CB9BEFE}.Debug|Any CPU.Build.0 = Debug|Any CPU
		{7E200875-1A02-4EC4-A435-9E9E5CB9BEFE}.Release|Any CPU.ActiveCfg = Release|Any CPU
		{7E200875-1A02-4EC4-A435-9E9E5CB9BEFE}.Release|Any CPU.Build.0 = Release|Any CPU
		{5FC2A4C7-A1C2-4718-811C-19994F2E4283}.Debug|Any CPU.ActiveCfg = Debug|Any CPU
		{5FC2A4C7-A1C2-4718-811C-19994F2E4283}.Debug|Any CPU.Build.0 = Debug|Any CPU
		{5FC2A4C7-A1C2-4718-811C-19994F2E4283}.Release|Any CPU.ActiveCfg = Release|Any CPU
		{5FC2A4C7-A1C2-4718-811C-19994F2E4283}.Release|Any CPU.Build.0 = Release|Any CPU
		{4DC3CBA7-5545-494D-8AE7-581079F74EBE}.Debug|Any CPU.ActiveCfg = Debug|Any CPU
		{4DC3CBA7-5545-494D-8AE7-581079F74EBE}.Debug|Any CPU.Build.0 = Debug|Any CPU
		{4DC3CBA7-5545-494D-8AE7-581079F74EBE}.Release|Any CPU.ActiveCfg = Release|Any CPU
		{4DC3CBA7-5545-494D-8AE7-581079F74EBE}.Release|Any CPU.Build.0 = Release|Any CPU
		{3925ADB2-647F-4DB1-8492-B1C3FF14B926}.Debug|Any CPU.ActiveCfg = Debug|Any CPU
		{3925ADB2-647F-4DB1-8492-B1C3FF14B926}.Debug|Any CPU.Build.0 = Debug|Any CPU
		{3925ADB2-647F-4DB1-8492-B1C3FF14B926}.Release|Any CPU.ActiveCfg = Release|Any CPU
		{3925ADB2-647F-4DB1-8492-B1C3FF14B926}.Release|Any CPU.Build.0 = Release|Any CPU
		{68EF0FBE-A8AF-46BA-8BE0-B7AD530BD935}.Debug|Any CPU.ActiveCfg = Debug|Any CPU
		{68EF0FBE-A8AF-46BA-8BE0-B7AD530BD935}.Debug|Any CPU.Build.0 = Debug|Any CPU
		{68EF0FBE-A8AF-46BA-8BE0-B7AD530BD935}.Release|Any CPU.ActiveCfg = Release|Any CPU
		{68EF0FBE-A8AF-46BA-8BE0-B7AD530BD935}.Release|Any CPU.Build.0 = Release|Any CPU
		{73F6A95B-E87C-44BD-BDE7-0B6C92ED9774}.Debug|Any CPU.ActiveCfg = Debug|Any CPU
		{73F6A95B-E87C-44BD-BDE7-0B6C92ED9774}.Debug|Any CPU.Build.0 = Debug|Any CPU
		{73F6A95B-E87C-44BD-BDE7-0B6C92ED9774}.Release|Any CPU.ActiveCfg = Release|Any CPU
		{73F6A95B-E87C-44BD-BDE7-0B6C92ED9774}.Release|Any CPU.Build.0 = Release|Any CPU
		{94894BA6-A081-48CF-AC87-E8844DDDC117}.Debug|Any CPU.ActiveCfg = Debug|Any CPU
		{94894BA6-A081-48CF-AC87-E8844DDDC117}.Debug|Any CPU.Build.0 = Debug|Any CPU
		{94894BA6-A081-48CF-AC87-E8844DDDC117}.Release|Any CPU.ActiveCfg = Release|Any CPU
		{94894BA6-A081-48CF-AC87-E8844DDDC117}.Release|Any CPU.Build.0 = Release|Any CPU
		{0F74A1A4-0A8A-4020-9F90-814268AFE59E}.Debug|Any CPU.ActiveCfg = Debug|Any CPU
		{0F74A1A4-0A8A-4020-9F90-814268AFE59E}.Debug|Any CPU.Build.0 = Debug|Any CPU
		{0F74A1A4-0A8A-4020-9F90-814268AFE59E}.Release|Any CPU.ActiveCfg = Release|Any CPU
		{0F74A1A4-0A8A-4020-9F90-814268AFE59E}.Release|Any CPU.Build.0 = Release|Any CPU
		{120F1D6C-3FDB-4FD5-8C05-85EB30992945}.Debug|Any CPU.ActiveCfg = Debug|Any CPU
		{120F1D6C-3FDB-4FD5-8C05-85EB30992945}.Debug|Any CPU.Build.0 = Debug|Any CPU
		{120F1D6C-3FDB-4FD5-8C05-85EB30992945}.Release|Any CPU.ActiveCfg = Release|Any CPU
		{120F1D6C-3FDB-4FD5-8C05-85EB30992945}.Release|Any CPU.Build.0 = Release|Any CPU
	EndGlobalSection
	GlobalSection(SolutionProperties) = preSolution
		HideSolutionNode = FALSE
	EndGlobalSection
	GlobalSection(NestedProjects) = preSolution
		{03786211-80C7-4964-84EB-701FA6D3B938} = {F6108C5C-3B3D-4814-9940-FD46B2E03A87}
		{4DC3CBA7-5545-494D-8AE7-581079F74EBE} = {F6108C5C-3B3D-4814-9940-FD46B2E03A87}
		{120F1D6C-3FDB-4FD5-8C05-85EB30992945} = {A4C02597-FE6F-41C9-B83C-2541F49C7DF4}
	EndGlobalSection
	GlobalSection(ExtensibilityGlobals) = postSolution
		SolutionGuid = {CFFC0729-E040-499E-A7A2-D48062B4888C}
	EndGlobalSection
EndGlobal
