
Microsoft Visual Studio Solution File, Format Version 12.00
# Visual Studio Version 17
VisualStudioVersion = 17.5.002.0
MinimumVisualStudioVersion = 10.0.40219.1
Project("{9A19103F-16F7-4668-BE54-9A1E7A4F7556}") = "Keyify.Database.DbUp", "Keyify.Database.DbUp.csproj", "{EBB5CDDF-7448-4FF9-A09B-7A8B8E19D9C4}"
EndProject
Global
	GlobalSection(SolutionConfigurationPlatforms) = preSolution
		Debug|Any CPU = Debug|Any CPU
		Release|Any CPU = Release|Any CPU
	EndGlobalSection
	GlobalSection(ProjectConfigurationPlatforms) = postSolution
		{EBB5CDDF-7448-4FF9-A09B-7A8B8E19D9C4}.Debug|Any CPU.ActiveCfg = Debug|Any CPU
		{EBB5CDDF-7448-4FF9-A09B-7A8B8E19D9C4}.Debug|Any CPU.Build.0 = Debug|Any CPU
		{EBB5CDDF-7448-4FF9-A09B-7A8B8E19D9C4}.Release|Any CPU.ActiveCfg = Release|Any CPU
		{EBB5CDDF-7448-4FF9-A09B-7A8B8E19D9C4}.Release|Any CPU.Build.0 = Release|Any CPU
	EndGlobalSection
	GlobalSection(SolutionProperties) = preSolution
		HideSolutionNode = FALSE
	EndGlobalSection
	GlobalSection(ExtensibilityGlobals) = postSolution
		SolutionGuid = {C9E96289-9D7F-46C3-BF0B-22734C7EAB7E}
	EndGlobalSection
EndGlobal
