
Microsoft Visual Studio Solution File, Format Version 12.00
# Visual Studio Version 17
VisualStudioVersion = 17.5.002.0
MinimumVisualStudioVersion = 10.0.40219.1
Project("{9A19103F-16F7-4668-BE54-9A1E7A4F7556}") = "Keyify.Web", "Keyify.Web.csproj", "{C868C44E-8525-41B6-88F2-771A86202BB3}"
EndProject
Global
	GlobalSection(SolutionConfigurationPlatforms) = preSolution
		Debug|Any CPU = Debug|Any CPU
		Release|Any CPU = Release|Any CPU
	EndGlobalSection
	GlobalSection(ProjectConfigurationPlatforms) = postSolution
		{C868C44E-8525-41B6-88F2-771A86202BB3}.Debug|Any CPU.ActiveCfg = Debug|Any CPU
		{C868C44E-8525-41B6-88F2-771A86202BB3}.Debug|Any CPU.Build.0 = Debug|Any CPU
		{C868C44E-8525-41B6-88F2-771A86202BB3}.Release|Any CPU.ActiveCfg = Release|Any CPU
		{C868C44E-8525-41B6-88F2-771A86202BB3}.Release|Any CPU.Build.0 = Release|Any CPU
	EndGlobalSection
	GlobalSection(SolutionProperties) = preSolution
		HideSolutionNode = FALSE
	EndGlobalSection
	GlobalSection(ExtensibilityGlobals) = postSolution
		SolutionGuid = {EA91D2AC-0CF8-4795-BBC6-B0DDC98C8AD1}
	EndGlobalSection
EndGlobal
