
Microsoft Visual Studio Solution File, Format Version 12.00
# Visual Studio 15
VisualStudioVersion = 15.0.26228.9
MinimumVisualStudioVersion = 10.0.40219.1
Project("{FAE04EC0-301F-11D3-BF4B-00C04F79EFBC}") = "WebApplication1", "WebApplication1\WebApplication1.csproj", "{BE6E11F8-6790-4A07-9ADE-A375DE21230E}"
EndProject
Project("{FAE04EC0-301F-11D3-BF4B-00C04F79EFBC}") = "WebApplication1.Tests", "WebApplication1.Tests\WebApplication1.Tests.csproj", "{4692CB06-DE24-48AC-9C1F-E220796C0B01}"
EndProject
Global
	GlobalSection(SolutionConfigurationPlatforms) = preSolution
		Debug|Any CPU = Debug|Any CPU
		Release|Any CPU = Release|Any CPU
	EndGlobalSection
	GlobalSection(ProjectConfigurationPlatforms) = postSolution
		{BE6E11F8-6790-4A07-9ADE-A375DE21230E}.Debug|Any CPU.ActiveCfg = Debug|Any CPU
		{BE6E11F8-6790-4A07-9ADE-A375DE21230E}.Debug|Any CPU.Build.0 = Debug|Any CPU
		{BE6E11F8-6790-4A07-9ADE-A375DE21230E}.Release|Any CPU.ActiveCfg = Release|Any CPU
		{BE6E11F8-6790-4A07-9ADE-A375DE21230E}.Release|Any CPU.Build.0 = Release|Any CPU
		{4692CB06-DE24-48AC-9C1F-E220796C0B01}.Debug|Any CPU.ActiveCfg = Debug|Any CPU
		{4692CB06-DE24-48AC-9C1F-E220796C0B01}.Debug|Any CPU.Build.0 = Debug|Any CPU
		{4692CB06-DE24-48AC-9C1F-E220796C0B01}.Release|Any CPU.ActiveCfg = Release|Any CPU
		{4692CB06-DE24-48AC-9C1F-E220796C0B01}.Release|Any CPU.Build.0 = Release|Any CPU
	EndGlobalSection
	GlobalSection(SolutionProperties) = preSolution
		HideSolutionNode = FALSE
	EndGlobalSection
EndGlobal
